
Microsoft Visual Studio Solution File, Format Version 12.00
# Visual Studio Version 17
VisualStudioVersion = 17.14.36401.2 d17.14
MinimumVisualStudioVersion = 10.0.40219.1
Project("{FAE04EC0-301F-11D3-BF4B-00C04F79EFBC}") = "QSharp.Mathematics", "QSharp.Mathematics\QSharp.Mathematics.csproj", "{B669B468-9BC2-4F73-91C4-999E9C4C6E08}"
EndProject
Project("{FAE04EC0-301F-11D3-BF4B-00C04F79EFBC}") = "QSharp.QuantumConsole", "QSharp.QuantumConsole\QSharp.QuantumConsole.csproj", "{BD8F432E-2AB6-4977-87A4-2D8832749836}"
EndProject
Project("{FAE04EC0-301F-11D3-BF4B-00C04F79EFBC}") = "QSharp.UnitTests", "QSharp.UnitTests\QSharp.UnitTests.csproj", "{76A15AA1-E5D0-4B2B-AC19-15EB791C969D}"
EndProject
Project("{2150E333-8FDC-42A3-9474-1A3956D46DE8}") = "Solution Items", "Solution Items", "{8EC462FD-D22E-90A8-E5CE-7E832BA40C5D}"
	ProjectSection(SolutionItems) = preProject
		.gitignore = .gitignore
		README.md = README.md
	EndProjectSection
EndProject
Global
	GlobalSection(SolutionConfigurationPlatforms) = preSolution
		Debug|Any CPU = Debug|Any CPU
		Debug|x64 = Debug|x64
		Release|Any CPU = Release|Any CPU
		Release|x64 = Release|x64
	EndGlobalSection
	GlobalSection(ProjectConfigurationPlatforms) = postSolution
		{B669B468-9BC2-4F73-91C4-999E9C4C6E08}.Debug|Any CPU.ActiveCfg = Debug|Any CPU
		{B669B468-9BC2-4F73-91C4-999E9C4C6E08}.Debug|Any CPU.Build.0 = Debug|Any CPU
		{B669B468-9BC2-4F73-91C4-999E9C4C6E08}.Debug|x64.ActiveCfg = Debug|x64
		{B669B468-9BC2-4F73-91C4-999E9C4C6E08}.Debug|x64.Build.0 = Debug|x64
		{B669B468-9BC2-4F73-91C4-999E9C4C6E08}.Release|Any CPU.ActiveCfg = Release|Any CPU
		{B669B468-9BC2-4F73-91C4-999E9C4C6E08}.Release|Any CPU.Build.0 = Release|Any CPU
		{B669B468-9BC2-4F73-91C4-999E9C4C6E08}.Release|x64.ActiveCfg = Release|x64
		{B669B468-9BC2-4F73-91C4-999E9C4C6E08}.Release|x64.Build.0 = Release|x64
		{BD8F432E-2AB6-4977-87A4-2D8832749836}.Debug|Any CPU.ActiveCfg = Debug|Any CPU
		{BD8F432E-2AB6-4977-87A4-2D8832749836}.Debug|Any CPU.Build.0 = Debug|Any CPU
		{BD8F432E-2AB6-4977-87A4-2D8832749836}.Debug|x64.ActiveCfg = Debug|x64
		{BD8F432E-2AB6-4977-87A4-2D8832749836}.Debug|x64.Build.0 = Debug|x64
		{BD8F432E-2AB6-4977-87A4-2D8832749836}.Release|Any CPU.ActiveCfg = Release|Any CPU
		{BD8F432E-2AB6-4977-87A4-2D8832749836}.Release|Any CPU.Build.0 = Release|Any CPU
		{BD8F432E-2AB6-4977-87A4-2D8832749836}.Release|x64.ActiveCfg = Release|x64
		{BD8F432E-2AB6-4977-87A4-2D8832749836}.Release|x64.Build.0 = Release|x64
		{76A15AA1-E5D0-4B2B-AC19-15EB791C969D}.Debug|Any CPU.ActiveCfg = Debug|Any CPU
		{76A15AA1-E5D0-4B2B-AC19-15EB791C969D}.Debug|Any CPU.Build.0 = Debug|Any CPU
		{76A15AA1-E5D0-4B2B-AC19-15EB791C969D}.Debug|x64.ActiveCfg = Debug|x64
		{76A15AA1-E5D0-4B2B-AC19-15EB791C969D}.Debug|x64.Build.0 = Debug|x64
		{76A15AA1-E5D0-4B2B-AC19-15EB791C969D}.Release|Any CPU.ActiveCfg = Release|Any CPU
		{76A15AA1-E5D0-4B2B-AC19-15EB791C969D}.Release|Any CPU.Build.0 = Release|Any CPU
		{76A15AA1-E5D0-4B2B-AC19-15EB791C969D}.Release|x64.ActiveCfg = Release|x64
		{76A15AA1-E5D0-4B2B-AC19-15EB791C969D}.Release|x64.Build.0 = Release|x64
	EndGlobalSection
	GlobalSection(SolutionProperties) = preSolution
		HideSolutionNode = FALSE
	EndGlobalSection
	GlobalSection(ExtensibilityGlobals) = postSolution
		SolutionGuid = {8CF91C08-CC99-43C4-90C5-DD3BC46A40FC}
	EndGlobalSection
EndGlobal
